
Microsoft Visual Studio Solution File, Format Version 12.00
# Visual Studio 15
VisualStudioVersion = 15.0.28307.106
MinimumVisualStudioVersion = 10.0.40219.1
Project("{FAE04EC0-301F-11D3-BF4B-00C04F79EFBC}") = "4-9_Try_Catch_Ornek", "4-9_Try_Catch_Ornek\4-9_Try_Catch_Ornek.csproj", "{79D1D758-DC0A-4F6C-8040-732C9CC3314F}"
EndProject
Global
	GlobalSection(SolutionConfigurationPlatforms) = preSolution
		Debug|Any CPU = Debug|Any CPU
		Release|Any CPU = Release|Any CPU
	EndGlobalSection
	GlobalSection(ProjectConfigurationPlatforms) = postSolution
		{79D1D758-DC0A-4F6C-8040-732C9CC3314F}.Debug|Any CPU.ActiveCfg = Debug|Any CPU
		{79D1D758-DC0A-4F6C-8040-732C9CC3314F}.Debug|Any CPU.Build.0 = Debug|Any CPU
		{79D1D758-DC0A-4F6C-8040-732C9CC3314F}.Release|Any CPU.ActiveCfg = Release|Any CPU
		{79D1D758-DC0A-4F6C-8040-732C9CC3314F}.Release|Any CPU.Build.0 = Release|Any CPU
	EndGlobalSection
	GlobalSection(SolutionProperties) = preSolution
		HideSolutionNode = FALSE
	EndGlobalSection
	GlobalSection(ExtensibilityGlobals) = postSolution
		SolutionGuid = {59E8AF1F-4038-4195-8D69-D049D3393C57}
	EndGlobalSection
EndGlobal
